
Microsoft Visual Studio Solution File, Format Version 12.00
# Visual Studio Version 17
VisualStudioVersion = 17.13.35806.99 d17.13
MinimumVisualStudioVersion = 10.0.40219.1
Project("{FAE04EC0-301F-11D3-BF4B-00C04F79EFBC}") = "Homework_Client_Server_MVC", "Homework_Client_Server_MVC\Homework_Client_Server_MVC.csproj", "{816D2395-8084-4F38-8B79-DD6C70B6D428}"
EndProject
Global
	GlobalSection(SolutionConfigurationPlatforms) = preSolution
		Debug|Any CPU = Debug|Any CPU
		Release|Any CPU = Release|Any CPU
	EndGlobalSection
	GlobalSection(ProjectConfigurationPlatforms) = postSolution
		{816D2395-8084-4F38-8B79-DD6C70B6D428}.Debug|Any CPU.ActiveCfg = Debug|Any CPU
		{816D2395-8084-4F38-8B79-DD6C70B6D428}.Debug|Any CPU.Build.0 = Debug|Any CPU
		{816D2395-8084-4F38-8B79-DD6C70B6D428}.Release|Any CPU.ActiveCfg = Release|Any CPU
		{816D2395-8084-4F38-8B79-DD6C70B6D428}.Release|Any CPU.Build.0 = Release|Any CPU
	EndGlobalSection
	GlobalSection(SolutionProperties) = preSolution
		HideSolutionNode = FALSE
	EndGlobalSection
	GlobalSection(ExtensibilityGlobals) = postSolution
		SolutionGuid = {824A32A8-565E-4E51-ACAC-3492B9C0137D}
	EndGlobalSection
EndGlobal
